
Microsoft Visual Studio Solution File, Format Version 12.00
# Visual Studio 2013
VisualStudioVersion = 12.0.31101.0
MinimumVisualStudioVersion = 10.0.40219.1
Project("{FAE04EC0-301F-11D3-BF4B-00C04F79EFBC}") = "breakout", "breakout\breakout\breakout.csproj", "{2D264484-D16D-47C4-BC44-702B529DE0C6}"
EndProject
Project("{FAE04EC0-301F-11D3-BF4B-00C04F79EFBC}") = "breakoutContent", "breakout\breakoutContent\breakoutContent.contentproj", "{C2FA7003-5E20-42B4-A33D-92903F1531A2}"
EndProject
Global
	GlobalSection(SolutionConfigurationPlatforms) = preSolution
		Debug|x86 = Debug|x86
		Release|x86 = Release|x86
	EndGlobalSection
	GlobalSection(ProjectConfigurationPlatforms) = postSolution
		{2D264484-D16D-47C4-BC44-702B529DE0C6}.Debug|x86.ActiveCfg = Debug|x86
		{2D264484-D16D-47C4-BC44-702B529DE0C6}.Debug|x86.Build.0 = Debug|x86
		{2D264484-D16D-47C4-BC44-702B529DE0C6}.Release|x86.ActiveCfg = Release|x86
		{2D264484-D16D-47C4-BC44-702B529DE0C6}.Release|x86.Build.0 = Release|x86
		{C2FA7003-5E20-42B4-A33D-92903F1531A2}.Debug|x86.ActiveCfg = Debug|x86
		{C2FA7003-5E20-42B4-A33D-92903F1531A2}.Release|x86.ActiveCfg = Release|x86
	EndGlobalSection
	GlobalSection(SolutionProperties) = preSolution
		HideSolutionNode = FALSE
	EndGlobalSection
	GlobalSection(Performance) = preSolution
		HasPerformanceSessions = true
	EndGlobalSection
EndGlobal
